
Microsoft Visual Studio Solution File, Format Version 12.00
# Visual Studio Version 17
VisualStudioVersion = 17.10.35122.118
MinimumVisualStudioVersion = 10.0.40219.1
Project("{FAE04EC0-301F-11D3-BF4B-00C04F79EFBC}") = "Retainingwall_dev", "..\Retainingwall_dev\Retainingwall_dev.csproj", "{83C7D2F9-EC9A-4854-82DE-CE3A585B9EBB}"
EndProject
Global
	GlobalSection(SolutionConfigurationPlatforms) = preSolution
		Debug|Any CPU = Debug|Any CPU
		Release|Any CPU = Release|Any CPU
	EndGlobalSection
	GlobalSection(ProjectConfigurationPlatforms) = postSolution
		{83C7D2F9-EC9A-4854-82DE-CE3A585B9EBB}.Debug|Any CPU.ActiveCfg = Debug|Any CPU
		{83C7D2F9-EC9A-4854-82DE-CE3A585B9EBB}.Debug|Any CPU.Build.0 = Debug|Any CPU
		{83C7D2F9-EC9A-4854-82DE-CE3A585B9EBB}.Release|Any CPU.ActiveCfg = Release|Any CPU
		{83C7D2F9-EC9A-4854-82DE-CE3A585B9EBB}.Release|Any CPU.Build.0 = Release|Any CPU
	EndGlobalSection
	GlobalSection(SolutionProperties) = preSolution
		HideSolutionNode = FALSE
	EndGlobalSection
	GlobalSection(ExtensibilityGlobals) = postSolution
		SolutionGuid = {2543EBB6-A6B2-4AFF-80B0-154E04E239B1}
	EndGlobalSection
EndGlobal
